
Microsoft Visual Studio Solution File, Format Version 12.00
# Visual Studio Version 16
VisualStudioVersion = 16.0.32228.343
MinimumVisualStudioVersion = 10.0.40219.1
Project("{9A19103F-16F7-4668-BE54-9A1E7A4F7556}") = "ConsoleApp1", "ConsoleApp1\ConsoleApp1.csproj", "{C83652B1-710F-46AE-BB48-68A01E1F5807}"
EndProject
Project("{FAE04EC0-301F-11D3-BF4B-00C04F79EFBC}") = "TestProject1", "TestProject1\TestProject1.csproj", "{3632144D-B5FF-4109-AB22-19535BAA7916}"
EndProject
Global
	GlobalSection(SolutionConfigurationPlatforms) = preSolution
		Debug|Any CPU = Debug|Any CPU
		Release|Any CPU = Release|Any CPU
	EndGlobalSection
	GlobalSection(ProjectConfigurationPlatforms) = postSolution
		{C83652B1-710F-46AE-BB48-68A01E1F5807}.Debug|Any CPU.ActiveCfg = Debug|Any CPU
		{C83652B1-710F-46AE-BB48-68A01E1F5807}.Debug|Any CPU.Build.0 = Debug|Any CPU
		{C83652B1-710F-46AE-BB48-68A01E1F5807}.Release|Any CPU.ActiveCfg = Release|Any CPU
		{C83652B1-710F-46AE-BB48-68A01E1F5807}.Release|Any CPU.Build.0 = Release|Any CPU
		{3632144D-B5FF-4109-AB22-19535BAA7916}.Debug|Any CPU.ActiveCfg = Debug|Any CPU
		{3632144D-B5FF-4109-AB22-19535BAA7916}.Debug|Any CPU.Build.0 = Debug|Any CPU
		{3632144D-B5FF-4109-AB22-19535BAA7916}.Release|Any CPU.ActiveCfg = Release|Any CPU
		{3632144D-B5FF-4109-AB22-19535BAA7916}.Release|Any CPU.Build.0 = Release|Any CPU
	EndGlobalSection
	GlobalSection(SolutionProperties) = preSolution
		HideSolutionNode = FALSE
	EndGlobalSection
	GlobalSection(ExtensibilityGlobals) = postSolution
		SolutionGuid = {C55BDA0F-D164-44F6-A1EC-B3D29F7D297C}
	EndGlobalSection
EndGlobal
